
Microsoft Visual Studio Solution File, Format Version 12.00
# Visual Studio Version 17
VisualStudioVersion = 17.5.33414.496
MinimumVisualStudioVersion = 10.0.40219.1
Project("{FAE04EC0-301F-11D3-BF4B-00C04F79EFBC}") = "Battleship", "Battleship\Battleship.csproj", "{A82B9E4B-1D70-42FB-A8AD-188D2793F432}"
EndProject
Global
	GlobalSection(SolutionConfigurationPlatforms) = preSolution
		Debug|Any CPU = Debug|Any CPU
		Release|Any CPU = Release|Any CPU
	EndGlobalSection
	GlobalSection(ProjectConfigurationPlatforms) = postSolution
		{A82B9E4B-1D70-42FB-A8AD-188D2793F432}.Debug|Any CPU.ActiveCfg = Debug|Any CPU
		{A82B9E4B-1D70-42FB-A8AD-188D2793F432}.Debug|Any CPU.Build.0 = Debug|Any CPU
		{A82B9E4B-1D70-42FB-A8AD-188D2793F432}.Release|Any CPU.ActiveCfg = Release|Any CPU
		{A82B9E4B-1D70-42FB-A8AD-188D2793F432}.Release|Any CPU.Build.0 = Release|Any CPU
	EndGlobalSection
	GlobalSection(SolutionProperties) = preSolution
		HideSolutionNode = FALSE
	EndGlobalSection
	GlobalSection(ExtensibilityGlobals) = postSolution
		SolutionGuid = {D7FE6187-2FD2-47C0-AF80-CB128AB867CC}
	EndGlobalSection
EndGlobal
